# This file is autogenerated, do not edit; changes may be undone by the next 'dep ensure'.


[[projects]]
  name = "github.com/LUSHDigital/microservice-core-golang"
  packages = ["format","pagination","response"]
  revision = "53ffd723e5b9ea454abb740f0ad76146eed7684f"
  version = "0.1.0"

[[projects]]
  branch = "master"
  name = "github.com/VividCortex/mysqlerr"
  packages = ["."]
  revision = "6c6b55f8796f578c870b7e19bafb16103bc40095"

[[projects]]
  name = "github.com/go-sql-driver/mysql"
  packages = ["."]
  revision = "a0583e0143b1624142adab07e0e97fe106d99561"
  version = "v1.3"

[solve-meta]
  analyzer-name = "dep"
  analyzer-version = 1
  inputs-digest = "f140adc30813235a6135d8baf709bc6fb4f9bd2240cfedfc7c3007fe5593dec8"
  solver-name = "gps-cdcl"
  solver-version = 1
